
Microsoft Visual Studio Solution File, Format Version 12.00
# Visual Studio Version 17
VisualStudioVersion = 17.5.33516.290
MinimumVisualStudioVersion = 10.0.40219.1
Project("{8BC9CEB8-8B4A-11D0-8D11-00A0C91BC942}") = "Cherno op overload", "Cherno op overload\Cherno op overload.vcxproj", "{56CED1C8-31D9-4A62-A0D9-863590CE8DCF}"
EndProject
Global
	GlobalSection(SolutionConfigurationPlatforms) = preSolution
		Debug|x64 = Debug|x64
		Debug|x86 = Debug|x86
		Release|x64 = Release|x64
		Release|x86 = Release|x86
	EndGlobalSection
	GlobalSection(ProjectConfigurationPlatforms) = postSolution
		{56CED1C8-31D9-4A62-A0D9-863590CE8DCF}.Debug|x64.ActiveCfg = Debug|x64
		{56CED1C8-31D9-4A62-A0D9-863590CE8DCF}.Debug|x64.Build.0 = Debug|x64
		{56CED1C8-31D9-4A62-A0D9-863590CE8DCF}.Debug|x86.ActiveCfg = Debug|Win32
		{56CED1C8-31D9-4A62-A0D9-863590CE8DCF}.Debug|x86.Build.0 = Debug|Win32
		{56CED1C8-31D9-4A62-A0D9-863590CE8DCF}.Release|x64.ActiveCfg = Release|x64
		{56CED1C8-31D9-4A62-A0D9-863590CE8DCF}.Release|x64.Build.0 = Release|x64
		{56CED1C8-31D9-4A62-A0D9-863590CE8DCF}.Release|x86.ActiveCfg = Release|Win32
		{56CED1C8-31D9-4A62-A0D9-863590CE8DCF}.Release|x86.Build.0 = Release|Win32
	EndGlobalSection
	GlobalSection(SolutionProperties) = preSolution
		HideSolutionNode = FALSE
	EndGlobalSection
	GlobalSection(ExtensibilityGlobals) = postSolution
		SolutionGuid = {FAE7BD4B-DF7B-4A89-A6D8-7F7361BD4BD3}
	EndGlobalSection
EndGlobal
