
Microsoft Visual Studio Solution File, Format Version 12.00
# Visual Studio Version 17
VisualStudioVersion = 17.5.33516.290
MinimumVisualStudioVersion = 10.0.40219.1
Project("{8BC9CEB8-8B4A-11D0-8D11-00A0C91BC942}") = "VARIANT CHERNOOOOOOOOOOOOOOOOOOOOO", "VARIANT CHERNOOOOOOOOOOOOOOOOOOOOO\VARIANT CHERNOOOOOOOOOOOOOOOOOOOOO.vcxproj", "{F067E403-3524-4CC1-9C32-228EFC523701}"
EndProject
Global
	GlobalSection(SolutionConfigurationPlatforms) = preSolution
		Debug|x64 = Debug|x64
		Debug|x86 = Debug|x86
		Release|x64 = Release|x64
		Release|x86 = Release|x86
	EndGlobalSection
	GlobalSection(ProjectConfigurationPlatforms) = postSolution
		{F067E403-3524-4CC1-9C32-228EFC523701}.Debug|x64.ActiveCfg = Debug|x64
		{F067E403-3524-4CC1-9C32-228EFC523701}.Debug|x64.Build.0 = Debug|x64
		{F067E403-3524-4CC1-9C32-228EFC523701}.Debug|x86.ActiveCfg = Debug|Win32
		{F067E403-3524-4CC1-9C32-228EFC523701}.Debug|x86.Build.0 = Debug|Win32
		{F067E403-3524-4CC1-9C32-228EFC523701}.Release|x64.ActiveCfg = Release|x64
		{F067E403-3524-4CC1-9C32-228EFC523701}.Release|x64.Build.0 = Release|x64
		{F067E403-3524-4CC1-9C32-228EFC523701}.Release|x86.ActiveCfg = Release|Win32
		{F067E403-3524-4CC1-9C32-228EFC523701}.Release|x86.Build.0 = Release|Win32
	EndGlobalSection
	GlobalSection(SolutionProperties) = preSolution
		HideSolutionNode = FALSE
	EndGlobalSection
	GlobalSection(ExtensibilityGlobals) = postSolution
		SolutionGuid = {2DC79567-E9DF-42A7-A8AD-8E0D4D94F021}
	EndGlobalSection
EndGlobal
