
Microsoft Visual Studio Solution File, Format Version 12.00
# Visual Studio Version 17
VisualStudioVersion = 17.5.33516.290
MinimumVisualStudioVersion = 10.0.40219.1
Project("{8BC9CEB8-8B4A-11D0-8D11-00A0C91BC942}") = "ANY DATA CHERNOOOOZE", "ANY DATA CHERNOOOOZE\ANY DATA CHERNOOOOZE.vcxproj", "{3412EC2C-0E65-4B3A-9C29-D2BED43D8C58}"
EndProject
Global
	GlobalSection(SolutionConfigurationPlatforms) = preSolution
		Debug|x64 = Debug|x64
		Debug|x86 = Debug|x86
		Release|x64 = Release|x64
		Release|x86 = Release|x86
	EndGlobalSection
	GlobalSection(ProjectConfigurationPlatforms) = postSolution
		{3412EC2C-0E65-4B3A-9C29-D2BED43D8C58}.Debug|x64.ActiveCfg = Debug|x64
		{3412EC2C-0E65-4B3A-9C29-D2BED43D8C58}.Debug|x64.Build.0 = Debug|x64
		{3412EC2C-0E65-4B3A-9C29-D2BED43D8C58}.Debug|x86.ActiveCfg = Debug|Win32
		{3412EC2C-0E65-4B3A-9C29-D2BED43D8C58}.Debug|x86.Build.0 = Debug|Win32
		{3412EC2C-0E65-4B3A-9C29-D2BED43D8C58}.Release|x64.ActiveCfg = Release|x64
		{3412EC2C-0E65-4B3A-9C29-D2BED43D8C58}.Release|x64.Build.0 = Release|x64
		{3412EC2C-0E65-4B3A-9C29-D2BED43D8C58}.Release|x86.ActiveCfg = Release|Win32
		{3412EC2C-0E65-4B3A-9C29-D2BED43D8C58}.Release|x86.Build.0 = Release|Win32
	EndGlobalSection
	GlobalSection(SolutionProperties) = preSolution
		HideSolutionNode = FALSE
	EndGlobalSection
	GlobalSection(ExtensibilityGlobals) = postSolution
		SolutionGuid = {E82F65EA-8C0B-4493-95BB-1B30D64D4357}
	EndGlobalSection
EndGlobal
